# THIS IS AN AUTOGENERATED FILE. DO NOT EDIT THIS FILE DIRECTLY.
# yarn lockfile v1


async-limiter@~1.0.0:
  version "1.0.0"
  resolved "http://registry.npm.taobao.org/async-limiter/download/async-limiter-1.0.0.tgz#78faed8c3d074ab81f22b4e985d79e8738f720f8"
  integrity sha1-ePrtjD0HSrgfIrTphdeehzj3IPg=

balanced-match@^1.0.0:
  version "1.0.0"
  resolved "http://registry.npm.taobao.org/balanced-match/download/balanced-match-1.0.0.tgz#89b4d199ab2bee49de164ea02b89ce462d71b767"
  integrity sha1-ibTRmasr7kneFk6gK4nORi1xt2c=

base64-js@^1.3.0:
  version "1.3.0"
  resolved "http://registry.npm.taobao.org/base64-js/download/base64-js-1.3.0.tgz#cab1e6118f051095e58b5281aea8c1cd22bfc0e3"
  integrity sha1-yrHmEY8FEJXli1KBrqjBzSK/wOM=

bl@^1.2.2:
  version "1.2.2"
  resolved "https://registry.yarnpkg.com/bl/-/bl-1.2.2.tgz#a160911717103c07410cef63ef51b397c025af9c"
  integrity sha512-e8tQYnZodmebYDWGH7KMRvtzKXaJHx3BbilrgZCfvyLUYdKpK1t5PSPmpkny/SgiTSCnjfLW7v5rlONXVFkQEA==
  dependencies:
    readable-stream "^2.3.5"
    safe-buffer "^5.1.1"

brace-expansion@^1.1.7:
  version "1.1.11"
  resolved "http://registry.npm.taobao.org/brace-expansion/download/brace-expansion-1.1.11.tgz#3c7fcbf529d87226f3d2f52b966ff5271eb441dd"
  integrity sha1-PH/L9SnYcibz0vUrlm/1Jx60Qd0=
  dependencies:
    balanced-match "^1.0.0"
    concat-map "0.0.1"

buffer-from@^1.0.0:
  version "1.1.1"
  resolved "http://registry.npm.taobao.org/buffer-from/download/buffer-from-1.1.1.tgz#32713bc028f75c02fdb710d7c7bcec1f2c6070ef"
  integrity sha1-MnE7wCj3XAL9txDXx7zsHyxgcO8=

callback-stream@^1.0.2:
  version "1.1.0"
  resolved "http://registry.npm.taobao.org/callback-stream/download/callback-stream-1.1.0.tgz#4701a51266f06e06eaa71fc17233822d875f4908"
  integrity sha1-RwGlEmbwbgbqpx/BcjOCLYdfSQg=
  dependencies:
    inherits "^2.0.1"
    readable-stream "> 1.0.0 < 3.0.0"

commist@^1.0.0:
  version "1.0.0"
  resolved "http://registry.npm.taobao.org/commist/download/commist-1.0.0.tgz#c0c352501cf6f52e9124e3ef89c9806e2022ebef"
  integrity sha1-wMNSUBz29S6RJOPvicmAbiAi6+8=
  dependencies:
    leven "^1.0.0"
    minimist "^1.1.0"

concat-map@0.0.1:
  version "0.0.1"
  resolved "http://registry.npm.taobao.org/concat-map/download/concat-map-0.0.1.tgz#d8a96bd77fd68df7793a73036a3ba0d5405d477b"
  integrity sha1-2Klr13/Wjfd5OnMDajug1UBdR3s=

concat-stream@^1.6.2:
  version "1.6.2"
  resolved "http://registry.npm.taobao.org/concat-stream/download/concat-stream-1.6.2.tgz#904bdf194cd3122fc675c77fc4ac3d4ff0fd1a34"
  integrity sha1-kEvfGUzTEi/Gdcd/xKw9T/D9GjQ=
  dependencies:
    buffer-from "^1.0.0"
    inherits "^2.0.3"
    readable-stream "^2.2.2"
    typedarray "^0.0.6"

core-util-is@~1.0.0:
  version "1.0.2"
  resolved "https://registry.yarnpkg.com/core-util-is/-/core-util-is-1.0.2.tgz#b5fd54220aa2bc5ab57aab7140c940754503c1a7"
  integrity sha1-tf1UIgqivFq1eqtxQMlAdUUDwac=

d@1:
  version "1.0.0"
  resolved "http://registry.npm.taobao.org/d/download/d-1.0.0.tgz#754bb5bfe55451da69a58b94d45f4c5b0462d58f"
  integrity sha1-dUu1v+VUUdpppYuU1F9MWwRi1Y8=
  dependencies:
    es5-ext "^0.10.9"

duplexify@^3.5.1, duplexify@^3.6.0:
  version "3.7.1"
  resolved "http://registry.npm.taobao.org/duplexify/download/duplexify-3.7.1.tgz#2a4df5317f6ccfd91f86d6fd25d8d8a103b88309"
  integrity sha1-Kk31MX9sz9kfhtb9JdjYoQO4gwk=
  dependencies:
    end-of-stream "^1.0.0"
    inherits "^2.0.1"
    readable-stream "^2.0.0"
    stream-shift "^1.0.0"

end-of-stream@^1.0.0, end-of-stream@^1.1.0, end-of-stream@^1.4.1:
  version "1.4.1"
  resolved "http://registry.npm.taobao.org/end-of-stream/download/end-of-stream-1.4.1.tgz#ed29634d19baba463b6ce6b80a37213eab71ec43"
  integrity sha1-7SljTRm6ukY7bOa4CjchPqtx7EM=
  dependencies:
    once "^1.4.0"

es5-ext@^0.10.35, es5-ext@^0.10.9, es5-ext@~0.10.14:
  version "0.10.47"
  resolved "http://registry.npm.taobao.org/es5-ext/download/es5-ext-0.10.47.tgz#d24232e1380daad5449a817be19bde9729024a11"
  integrity sha1-0kIy4TgNqtVEmoF74ZvelykCShE=
  dependencies:
    es6-iterator "~2.0.3"
    es6-symbol "~3.1.1"
    next-tick "1"

es6-iterator@~2.0.1, es6-iterator@~2.0.3:
  version "2.0.3"
  resolved "http://registry.npm.taobao.org/es6-iterator/download/es6-iterator-2.0.3.tgz#a7de889141a05a94b0854403b2d0a0fbfa98f3b7"
  integrity sha1-p96IkUGgWpSwhUQDstCg+/qY87c=
  dependencies:
    d "1"
    es5-ext "^0.10.35"
    es6-symbol "^3.1.1"

es6-map@^0.1.5:
  version "0.1.5"
  resolved "http://registry.npm.taobao.org/es6-map/download/es6-map-0.1.5.tgz#9136e0503dcc06a301690f0bb14ff4e364e949f0"
  integrity sha1-kTbgUD3MBqMBaQ8LsU/042TpSfA=
  dependencies:
    d "1"
    es5-ext "~0.10.14"
    es6-iterator "~2.0.1"
    es6-set "~0.1.5"
    es6-symbol "~3.1.1"
    event-emitter "~0.3.5"

es6-set@~0.1.5:
  version "0.1.5"
  resolved "http://registry.npm.taobao.org/es6-set/download/es6-set-0.1.5.tgz#d2b3ec5d4d800ced818db538d28974db0a73ccb1"
  integrity sha1-0rPsXU2ADO2BjbU40ol02wpzzLE=
  dependencies:
    d "1"
    es5-ext "~0.10.14"
    es6-iterator "~2.0.1"
    es6-symbol "3.1.1"
    event-emitter "~0.3.5"

es6-symbol@3.1.1, es6-symbol@^3.1.1, es6-symbol@~3.1.1:
  version "3.1.1"
  resolved "http://registry.npm.taobao.org/es6-symbol/download/es6-symbol-3.1.1.tgz#bf00ef4fdab6ba1b46ecb7b629b4c7ed5715cc77"
  integrity sha1-vwDvT9q2uhtG7Le2KbTH7VcVzHc=
  dependencies:
    d "1"
    es5-ext "~0.10.14"

event-emitter@~0.3.5:
  version "0.3.5"
  resolved "http://registry.npm.taobao.org/event-emitter/download/event-emitter-0.3.5.tgz#df8c69eef1647923c7157b9ce83840610b02cc39"
  integrity sha1-34xp7vFkeSPHFXuc6DhAYQsCzDk=
  dependencies:
    d "1"
    es5-ext "~0.10.14"

extend@^3.0.0:
  version "3.0.2"
  resolved "http://registry.npm.taobao.org/extend/download/extend-3.0.2.tgz#f8b1136b4071fbd8eb140aff858b1019ec2915fa"
  integrity sha1-+LETa0Bx+9jrFAr/hYsQGewpFfo=

fs.realpath@^1.0.0:
  version "1.0.0"
  resolved "http://registry.npm.taobao.org/fs.realpath/download/fs.realpath-1.0.0.tgz#1504ad2523158caa40db4a2787cb01411994ea4f"
  integrity sha1-FQStJSMVjKpA20onh8sBQRmU6k8=

glob-parent@^3.1.0:
  version "3.1.0"
  resolved "http://registry.npm.taobao.org/glob-parent/download/glob-parent-3.1.0.tgz#9e6af6299d8d3bd2bd40430832bd113df906c5ae"
  integrity sha1-nmr2KZ2NO9K9QEMIMr0RPfkGxa4=
  dependencies:
    is-glob "^3.1.0"
    path-dirname "^1.0.0"

glob-stream@^6.1.0:
  version "6.1.0"
  resolved "http://registry.npm.taobao.org/glob-stream/download/glob-stream-6.1.0.tgz#7045c99413b3eb94888d83ab46d0b404cc7bdde4"
  integrity sha1-cEXJlBOz65SIjYOrRtC0BMx73eQ=
  dependencies:
    extend "^3.0.0"
    glob "^7.1.1"
    glob-parent "^3.1.0"
    is-negated-glob "^1.0.0"
    ordered-read-streams "^1.0.0"
    pumpify "^1.3.5"
    readable-stream "^2.1.5"
    remove-trailing-separator "^1.0.1"
    to-absolute-glob "^2.0.0"
    unique-stream "^2.0.2"

glob@^7.1.1:
  version "7.1.3"
  resolved "http://registry.npm.taobao.org/glob/download/glob-7.1.3.tgz#3960832d3f1574108342dafd3a67b332c0969df1"
  integrity sha1-OWCDLT8VdBCDQtr9OmezMsCWnfE=
  dependencies:
    fs.realpath "^1.0.0"
    inflight "^1.0.4"
    inherits "2"
    minimatch "^3.0.4"
    once "^1.3.0"
    path-is-absolute "^1.0.0"

help-me@^1.0.1:
  version "1.1.0"
  resolved "http://registry.npm.taobao.org/help-me/download/help-me-1.1.0.tgz#8f2d508d0600b4a456da2f086556e7e5c056a3c6"
  integrity sha1-jy1QjQYAtKRW2i8IZVbn5cBWo8Y=
  dependencies:
    callback-stream "^1.0.2"
    glob-stream "^6.1.0"
    through2 "^2.0.1"
    xtend "^4.0.0"

inflight@^1.0.4:
  version "1.0.6"
  resolved "http://registry.npm.taobao.org/inflight/download/inflight-1.0.6.tgz#49bd6331d7d02d0c09bc910a1075ba8165b56df9"
  integrity sha1-Sb1jMdfQLQwJvJEKEHW6gWW1bfk=
  dependencies:
    once "^1.3.0"
    wrappy "1"

inherits@2, inherits@^2.0.1, inherits@^2.0.3, inherits@~2.0.3:
  version "2.0.4"
  resolved "https://registry.yarnpkg.com/inherits/-/inherits-2.0.4.tgz#0fa2c64f932917c3433a0ded55363aae37416b7c"
  integrity sha512-k/vGaX4/Yla3WzyMCvTQOXYeIHvqOKtnqBduzTHpzpQZzAskKMhZ2K+EnBiSM9zGSoIFeMpXKxa4dYeZIQqewQ==

is-absolute@^1.0.0:
  version "1.0.0"
  resolved "http://registry.npm.taobao.org/is-absolute/download/is-absolute-1.0.0.tgz#395e1ae84b11f26ad1795e73c17378e48a301576"
  integrity sha1-OV4a6EsR8mrReV5zwXN45IowFXY=
  dependencies:
    is-relative "^1.0.0"
    is-windows "^1.0.1"

is-extglob@^2.1.0:
  version "2.1.1"
  resolved "http://registry.npm.taobao.org/is-extglob/download/is-extglob-2.1.1.tgz#a88c02535791f02ed37c76a1b9ea9773c833f8c2"
  integrity sha1-qIwCU1eR8C7TfHahueqXc8gz+MI=

is-glob@^3.1.0:
  version "3.1.0"
  resolved "http://registry.npm.taobao.org/is-glob/download/is-glob-3.1.0.tgz#7ba5ae24217804ac70707b96922567486cc3e84a"
  integrity sha1-e6WuJCF4BKxwcHuWkiVnSGzD6Eo=
  dependencies:
    is-extglob "^2.1.0"

is-negated-glob@^1.0.0:
  version "1.0.0"
  resolved "http://registry.npm.taobao.org/is-negated-glob/download/is-negated-glob-1.0.0.tgz#6910bca5da8c95e784b5751b976cf5a10fee36d2"
  integrity sha1-aRC8pdqMleeEtXUbl2z1oQ/uNtI=

is-relative@^1.0.0:
  version "1.0.0"
  resolved "http://registry.npm.taobao.org/is-relative/download/is-relative-1.0.0.tgz#a1bb6935ce8c5dba1e8b9754b9b2dcc020e2260d"
  integrity sha1-obtpNc6MXboei5dUubLcwCDiJg0=
  dependencies:
    is-unc-path "^1.0.0"

is-unc-path@^1.0.0:
  version "1.0.0"
  resolved "http://registry.npm.taobao.org/is-unc-path/download/is-unc-path-1.0.0.tgz#d731e8898ed090a12c352ad2eaed5095ad322c9d"
  integrity sha1-1zHoiY7QkKEsNSrS6u1Qla0yLJ0=
  dependencies:
    unc-path-regex "^0.1.2"

is-windows@^1.0.1:
  version "1.0.2"
  resolved "http://registry.npm.taobao.org/is-windows/download/is-windows-1.0.2.tgz#d1850eb9791ecd18e6182ce12a30f396634bb19d"
  integrity sha1-0YUOuXkezRjmGCzhKjDzlmNLsZ0=

isarray@~1.0.0:
  version "1.0.0"
  resolved "https://registry.yarnpkg.com/isarray/-/isarray-1.0.0.tgz#bb935d48582cba168c06834957a54a3e07124f11"
  integrity sha1-u5NdSFgsuhaMBoNJV6VKPgcSTxE=

json-stable-stringify-without-jsonify@^1.0.1:
  version "1.0.1"
  resolved "http://registry.npm.taobao.org/json-stable-stringify-without-jsonify/download/json-stable-stringify-without-jsonify-1.0.1.tgz#9db7b59496ad3f3cfef30a75142d2d930ad72651"
  integrity sha1-nbe1lJatPzz+8wp1FC0tkwrXJlE=

leven@^1.0.0:
  version "1.0.2"
  resolved "http://registry.npm.taobao.org/leven/download/leven-1.0.2.tgz#9144b6eebca5f1d0680169f1a6770dcea60b75c3"
  integrity sha1-kUS27ryl8dBoAWnxpncNzqYLdcM=

minimatch@^3.0.4:
  version "3.0.4"
  resolved "http://registry.npm.taobao.org/minimatch/download/minimatch-3.0.4.tgz#5166e286457f03306064be5497e8dbb0c3d32083"
  integrity sha1-UWbihkV/AzBgZL5Ul+jbsMPTIIM=
  dependencies:
    brace-expansion "^1.1.7"

minimist@^1.1.0, minimist@^1.2.0:
  version "1.2.0"
  resolved "http://registry.npm.taobao.org/minimist/download/minimist-1.2.0.tgz#a35008b20f41383eec1fb914f4cd5df79a264284"
  integrity sha1-o1AIsg9BOD7sH7kU9M1d95omQoQ=

mqtt-packet@^6.0.0:
  version "6.2.1"
  resolved "https://registry.yarnpkg.com/mqtt-packet/-/mqtt-packet-6.2.1.tgz#89b27e5e22a859abe9f5a3359b2e2dd07e4168b2"
  integrity sha512-ZxG5QVb7+gMix5n4DClym9dQoCZC6DoNEqgMkMi/GMXvIU4Wsdx+/6KBavw50HHFH9kN1lBSY7phxNlAS2+jnw==
  dependencies:
    bl "^1.2.2"
    inherits "^2.0.3"
    process-nextick-args "^2.0.0"
    safe-buffer "^5.1.2"

"mqtt@git+https://github.com/mqttjs/MQTT.js.git":
  version "2.18.8"
  resolved "git+https://github.com/mqttjs/MQTT.js.git#62641d6ec22e4e51b1cacd3f692965d44a09d03e"
  dependencies:
    base64-js "^1.3.0"
    commist "^1.0.0"
    concat-stream "^1.6.2"
    end-of-stream "^1.4.1"
    es6-map "^0.1.5"
    help-me "^1.0.1"
    inherits "^2.0.3"
    minimist "^1.2.0"
    mqtt-packet "^6.0.0"
    pump "^3.0.0"
    readable-stream "^2.3.6"
    reinterval "^1.1.0"
    split2 "^3.1.0"
    websocket-stream "^5.1.2"
    xtend "^4.0.1"

next-tick@1:
  version "1.0.0"
  resolved "http://registry.npm.taobao.org/next-tick/download/next-tick-1.0.0.tgz#ca86d1fe8828169b0120208e3dc8424b9db8342c"
  integrity sha1-yobR/ogoFpsBICCOPchCS524NCw=

once@^1.3.0, once@^1.3.1, once@^1.4.0:
  version "1.4.0"
  resolved "http://registry.npm.taobao.org/once/download/once-1.4.0.tgz#583b1aa775961d4b113ac17d9c50baef9dd76bd1"
  integrity sha1-WDsap3WWHUsROsF9nFC6753Xa9E=
  dependencies:
    wrappy "1"

ordered-read-streams@^1.0.0:
  version "1.0.1"
  resolved "http://registry.npm.taobao.org/ordered-read-streams/download/ordered-read-streams-1.0.1.tgz#77c0cb37c41525d64166d990ffad7ec6a0e1363e"
  integrity sha1-d8DLN8QVJdZBZtmQ/61+xqDhNj4=
  dependencies:
    readable-stream "^2.0.1"

path-dirname@^1.0.0:
  version "1.0.2"
  resolved "http://registry.npm.taobao.org/path-dirname/download/path-dirname-1.0.2.tgz#cc33d24d525e099a5388c0336c6e32b9160609e0"
  integrity sha1-zDPSTVJeCZpTiMAzbG4yuRYGCeA=

path-is-absolute@^1.0.0:
  version "1.0.1"
  resolved "http://registry.npm.taobao.org/path-is-absolute/download/path-is-absolute-1.0.1.tgz#174b9268735534ffbc7ace6bf53a5a9e1b5c5f5f"
  integrity sha1-F0uSaHNVNP+8es5r9TpanhtcX18=

process-nextick-args@^2.0.0, process-nextick-args@~2.0.0:
  version "2.0.1"
  resolved "https://registry.yarnpkg.com/process-nextick-args/-/process-nextick-args-2.0.1.tgz#7820d9b16120cc55ca9ae7792680ae7dba6d7fe2"
  integrity sha512-3ouUOpQhtgrbOa17J7+uxOTpITYWaGP7/AhoR3+A+/1e9skrzelGi/dXzEYyvbxubEF6Wn2ypscTKiKJFFn1ag==

pump@^2.0.0:
  version "2.0.1"
  resolved "http://registry.npm.taobao.org/pump/download/pump-2.0.1.tgz#12399add6e4cf7526d973cbc8b5ce2e2908b3909"
  integrity sha1-Ejma3W5M91Jtlzy8i1zi4pCLOQk=
  dependencies:
    end-of-stream "^1.1.0"
    once "^1.3.1"

pump@^3.0.0:
  version "3.0.0"
  resolved "http://registry.npm.taobao.org/pump/download/pump-3.0.0.tgz#b4a2116815bde2f4e1ea602354e8c75565107a64"
  integrity sha1-tKIRaBW94vTh6mAjVOjHVWUQemQ=
  dependencies:
    end-of-stream "^1.1.0"
    once "^1.3.1"

pumpify@^1.3.5:
  version "1.5.1"
  resolved "http://registry.npm.taobao.org/pumpify/download/pumpify-1.5.1.tgz#36513be246ab27570b1a374a5ce278bfd74370ce"
  integrity sha1-NlE74karJ1cLGjdKXOJ4v9dDcM4=
  dependencies:
    duplexify "^3.6.0"
    inherits "^2.0.3"
    pump "^2.0.0"

"readable-stream@> 1.0.0 < 3.0.0", readable-stream@^2.0.0, readable-stream@^2.0.1, readable-stream@^2.1.5, readable-stream@^2.2.2, readable-stream@^2.3.3, readable-stream@^2.3.5, readable-stream@^2.3.6, readable-stream@~2.3.6:
  version "2.3.6"
  resolved "http://registry.npm.taobao.org/readable-stream/download/readable-stream-2.3.6.tgz#b11c27d88b8ff1fbe070643cf94b0c79ae1b0aaf"
  integrity sha1-sRwn2IuP8fvgcGQ8+UsMea4bCq8=
  dependencies:
    core-util-is "~1.0.0"
    inherits "~2.0.3"
    isarray "~1.0.0"
    process-nextick-args "~2.0.0"
    safe-buffer "~5.1.1"
    string_decoder "~1.1.1"
    util-deprecate "~1.0.1"

readable-stream@^3.0.0:
  version "3.1.1"
  resolved "http://registry.npm.taobao.org/readable-stream/download/readable-stream-3.1.1.tgz#ed6bbc6c5ba58b090039ff18ce670515795aeb06"
  integrity sha1-7Wu8bFuliwkAOf8YzmcFFXla6wY=
  dependencies:
    inherits "^2.0.3"
    string_decoder "^1.1.1"
    util-deprecate "^1.0.1"

reinterval@^1.1.0:
  version "1.1.0"
  resolved "http://registry.npm.taobao.org/reinterval/download/reinterval-1.1.0.tgz#3361ecfa3ca6c18283380dd0bb9546f390f5ece7"
  integrity sha1-M2Hs+jymwYKDOA3Qu5VG85D17Oc=

remove-trailing-separator@^1.0.1:
  version "1.1.0"
  resolved "http://registry.npm.taobao.org/remove-trailing-separator/download/remove-trailing-separator-1.1.0.tgz#c24bce2a283adad5bc3f58e0d48249b92379d8ef"
  integrity sha1-wkvOKig62tW8P1jg1IJJuSN52O8=

safe-buffer@^5.1.1, safe-buffer@^5.1.2:
  version "5.2.0"
  resolved "https://registry.yarnpkg.com/safe-buffer/-/safe-buffer-5.2.0.tgz#b74daec49b1148f88c64b68d49b1e815c1f2f519"
  integrity sha512-fZEwUGbVl7kouZs1jCdMLdt95hdIv0ZeHg6L7qPeciMZhZ+/gdesW4wgTARkrFWEpspjEATAzUGPG8N2jJiwbg==

safe-buffer@~5.1.0, safe-buffer@~5.1.1:
  version "5.1.2"
  resolved "https://registry.yarnpkg.com/safe-buffer/-/safe-buffer-5.1.2.tgz#991ec69d296e0313747d59bdfd2b745c35f8828d"
  integrity sha512-Gd2UZBJDkXlY7GbJxfsE8/nvKkUEU1G38c1siN6QP6a9PT9MmHB8GnpscSmMJSoF8LOIrt8ud/wPtojys4G6+g==

split2@^3.1.0:
  version "3.1.0"
  resolved "http://registry.npm.taobao.org/split2/download/split2-3.1.0.tgz#064bbfac70cdb66f77827870d42f159a8b442201"
  integrity sha1-Bku/rHDNtm93gnhw1C8VmotEIgE=
  dependencies:
    readable-stream "^3.0.0"

stream-shift@^1.0.0:
  version "1.0.0"
  resolved "http://registry.npm.taobao.org/stream-shift/download/stream-shift-1.0.0.tgz#d5c752825e5367e786f78e18e445ea223a155952"
  integrity sha1-1cdSgl5TZ+eG944Y5EXqIjoVWVI=

string_decoder@^1.1.1:
  version "1.2.0"
  resolved "http://registry.npm.taobao.org/string_decoder/download/string_decoder-1.2.0.tgz#fe86e738b19544afe70469243b2a1ee9240eae8d"
  integrity sha1-/obnOLGVRK/nBGkkOyoe6SQOro0=
  dependencies:
    safe-buffer "~5.1.0"

string_decoder@~1.1.1:
  version "1.1.1"
  resolved "https://registry.yarnpkg.com/string_decoder/-/string_decoder-1.1.1.tgz#9cf1611ba62685d7030ae9e4ba34149c3af03fc8"
  integrity sha512-n/ShnvDi6FHbbVfviro+WojiFzv+s8MPMHBczVePfUpDJLwoLT0ht1l4YwBCbi8pJAveEEdnkHyPyTP/mzRfwg==
  dependencies:
    safe-buffer "~5.1.0"

through2-filter@^3.0.0:
  version "3.0.0"
  resolved "http://registry.npm.taobao.org/through2-filter/download/through2-filter-3.0.0.tgz#700e786df2367c2c88cd8aa5be4cf9c1e7831254"
  integrity sha1-cA54bfI2fCyIzYqlvkz5weeDElQ=
  dependencies:
    through2 "~2.0.0"
    xtend "~4.0.0"

through2@^2.0.1, through2@~2.0.0:
  version "2.0.5"
  resolved "http://registry.npm.taobao.org/through2/download/through2-2.0.5.tgz#01c1e39eb31d07cb7d03a96a70823260b23132cd"
  integrity sha1-AcHjnrMdB8t9A6lqcIIyYLIxMs0=
  dependencies:
    readable-stream "~2.3.6"
    xtend "~4.0.1"

to-absolute-glob@^2.0.0:
  version "2.0.2"
  resolved "http://registry.npm.taobao.org/to-absolute-glob/download/to-absolute-glob-2.0.2.tgz#1865f43d9e74b0822db9f145b78cff7d0f7c849b"
  integrity sha1-GGX0PZ50sIItufFFt4z/fQ98hJs=
  dependencies:
    is-absolute "^1.0.0"
    is-negated-glob "^1.0.0"

typedarray@^0.0.6:
  version "0.0.6"
  resolved "http://registry.npm.taobao.org/typedarray/download/typedarray-0.0.6.tgz#867ac74e3864187b1d3d47d996a78ec5c8830777"
  integrity sha1-hnrHTjhkGHsdPUfZlqeOxciDB3c=

ultron@~1.1.0:
  version "1.1.1"
  resolved "http://registry.npm.taobao.org/ultron/download/ultron-1.1.1.tgz#9fe1536a10a664a65266a1e3ccf85fd36302bc9c"
  integrity sha1-n+FTahCmZKZSZqHjzPhf02MCvJw=

unc-path-regex@^0.1.2:
  version "0.1.2"
  resolved "http://registry.npm.taobao.org/unc-path-regex/download/unc-path-regex-0.1.2.tgz#e73dd3d7b0d7c5ed86fbac6b0ae7d8c6a69d50fa"
  integrity sha1-5z3T17DXxe2G+6xrCufYxqadUPo=

unique-stream@^2.0.2:
  version "2.3.1"
  resolved "http://registry.npm.taobao.org/unique-stream/download/unique-stream-2.3.1.tgz#c65d110e9a4adf9a6c5948b28053d9a8d04cbeac"
  integrity sha1-xl0RDppK35psWUiygFPZqNBMvqw=
  dependencies:
    json-stable-stringify-without-jsonify "^1.0.1"
    through2-filter "^3.0.0"

util-deprecate@^1.0.1, util-deprecate@~1.0.1:
  version "1.0.2"
  resolved "https://registry.yarnpkg.com/util-deprecate/-/util-deprecate-1.0.2.tgz#450d4dc9fa70de732762fbd2d4a28981419a0ccf"
  integrity sha1-RQ1Nyfpw3nMnYvvS1KKJgUGaDM8=

websocket-stream@^5.1.2:
  version "5.1.2"
  resolved "http://registry.npm.taobao.org/websocket-stream/download/websocket-stream-5.1.2.tgz#1c31c627bcdf34f1a9bdacc9daa15bfa4816d9ad"
  integrity sha1-HDHGJ7zfNPGpvazJ2qFb+kgW2a0=
  dependencies:
    duplexify "^3.5.1"
    inherits "^2.0.1"
    readable-stream "^2.3.3"
    safe-buffer "^5.1.1"
    ws "^3.2.0"
    xtend "^4.0.0"

wrappy@1:
  version "1.0.2"
  resolved "http://registry.npm.taobao.org/wrappy/download/wrappy-1.0.2.tgz#b5243d8f3ec1aa35f1364605bc0d1036e30ab69f"
  integrity sha1-tSQ9jz7BqjXxNkYFvA0QNuMKtp8=

ws@^3.2.0:
  version "3.3.3"
  resolved "http://registry.npm.taobao.org/ws/download/ws-3.3.3.tgz#f1cf84fe2d5e901ebce94efaece785f187a228f2"
  integrity sha1-8c+E/i1ekB686U767OeF8YeiKPI=
  dependencies:
    async-limiter "~1.0.0"
    safe-buffer "~5.1.0"
    ultron "~1.1.0"

xtend@^4.0.0, xtend@^4.0.1, xtend@~4.0.0, xtend@~4.0.1:
  version "4.0.1"
  resolved "http://registry.npm.taobao.org/xtend/download/xtend-4.0.1.tgz#a5c6d532be656e23db820efb943a1f04998d63af"
  integrity sha1-pcbVMr5lbiPbgg77lDofBJmNY68=
